
Microsoft Visual Studio Solution File, Format Version 12.00
# Visual Studio Version 17
VisualStudioVersion = 17.8.34322.80
MinimumVisualStudioVersion = 10.0.40219.1
Project("{FAE04EC0-301F-11D3-BF4B-00C04F79EFBC}") = "ZomboidServerModManager", "ZomboidServerModManager\ZomboidServerModManager.csproj", "{2DA3A114-3349-4043-99AB-8D9836C4503A}"
EndProject
Global
	GlobalSection(SolutionConfigurationPlatforms) = preSolution
		Debug|Any CPU = Debug|Any CPU
		Release|Any CPU = Release|Any CPU
	EndGlobalSection
	GlobalSection(ProjectConfigurationPlatforms) = postSolution
		{2DA3A114-3349-4043-99AB-8D9836C4503A}.Debug|Any CPU.ActiveCfg = Debug|Any CPU
		{2DA3A114-3349-4043-99AB-8D9836C4503A}.Debug|Any CPU.Build.0 = Debug|Any CPU
		{2DA3A114-3349-4043-99AB-8D9836C4503A}.Release|Any CPU.ActiveCfg = Release|Any CPU
		{2DA3A114-3349-4043-99AB-8D9836C4503A}.Release|Any CPU.Build.0 = Release|Any CPU
	EndGlobalSection
	GlobalSection(SolutionProperties) = preSolution
		HideSolutionNode = FALSE
	EndGlobalSection
	GlobalSection(ExtensibilityGlobals) = postSolution
		SolutionGuid = {E13951B2-F95C-4FED-8200-94FF0F850082}
	EndGlobalSection
EndGlobal
